{
  "name": "sgi-proyectoformativo",
  "version": "1.0.0",
  "lockfileVersion": 3,
  "requires": true,
  "packages": {
    "": {
      "name": "sgi-proyectoformativo",
      "version": "1.0.0",
      "license": "ISC",
      "dependencies": {
        "sgi-proyectoformativo": "file:"
      }
    },
    "node_modules/sgi-proyectoformativo": {
      "resolved": "",
      "link": true
    }
  }
}
